{
  "object": {
    "pins": [
      {
        "package": "Alamofire",
        "repositoryURL": "https://github.com/Alamofire/Alamofire.git",
        "state": {
          "branch": null,
          "revision": "eaf6e622dd41b07b251d8f01752eab31bc811493",
          "version": "5.4.1"
        }
      },
      {
        "package": "Ed25519",
        "repositoryURL": "https://github.com/AndrewBarba/ed25519.git",
        "state": {
          "branch": null,
          "revision": "77bf751b603c573d50e45e2adb2e06776af219ae",
          "version": "1.1.0"
        }
      },
      {
        "package": "MessagePack",
        "repositoryURL": "https://github.com/Flight-School/MessagePack",
        "state": {
          "branch": null,
          "revision": "688d9c83e4e87070835fd45016e869e4e03e7319",
          "version": "1.2.3"
        }
      },
      {
        "package": "MessagePacker",
        "repositoryURL": "https://github.com/hirotakan/MessagePacker.git",
        "state": {
          "branch": null,
          "revision": "4d3e63b5202f236dfe3cb9c3b3c2022a7a9ff6e5",
          "version": "0.4.5"
        }
      },
      {
        "package": "SwiftKeccak",
        "repositoryURL": "https://github.com/bitflying/SwiftKeccak.git",
        "state": {
          "branch": null,
          "revision": "5fc323d4b08a8c77cbb690505445b32a3b5a8aff",
          "version": "0.1.2"
        }
      }
    ]
  },
  "version": 1
}
